{
 "graph_lock": {
  "nodes": {
   "0": {
    "options": "abseil:fPIC=True\nabseil:shared=False\nc-ares:fPIC=True\nc-ares:shared=False\nc-ares:tools=True\ngrpc:codegen=True\ngrpc:cpp_plugin=True\ngrpc:csharp_ext=False\ngrpc:csharp_plugin=True\ngrpc:fPIC=True\ngrpc:node_plugin=True\ngrpc:objective_c_plugin=True\ngrpc:php_plugin=True\ngrpc:python_plugin=True\ngrpc:ruby_plugin=True\ngrpc:secure=False\ngrpc:shared=False\nopenssl:386=False\nopenssl:enable_weak_ssl_ciphers=False\nopenssl:fPIC=True\nopenssl:no_aria=False\nopenssl:no_asm=False\nopenssl:no_async=False\nopenssl:no_bf=False\nopenssl:no_blake2=False\nopenssl:no_camellia=False\nopenssl:no_cast=False\nopenssl:no_chacha=False\nopenssl:no_cms=False\nopenssl:no_comp=False\nopenssl:no_ct=False\nopenssl:no_deprecated=False\nopenssl:no_des=False\nopenssl:no_dgram=False\nopenssl:no_dh=False\nopenssl:no_dsa=False\nopenssl:no_dso=False\nopenssl:no_ec=False\nopenssl:no_ecdh=False\nopenssl:no_ecdsa=False\nopenssl:no_engine=False\nopenssl:no_filenames=False\nopenssl:no_gost=False\nopenssl:no_hmac=False\nopenssl:no_idea=False\nopenssl:no_md4=False\nopenssl:no_md5=False\nopenssl:no_mdc2=False\nopenssl:no_ocsp=False\nopenssl:no_pinshared=False\nopenssl:no_rc2=False\nopenssl:no_rfc3779=False\nopenssl:no_rmd160=False\nopenssl:no_rsa=False\nopenssl:no_seed=False\nopenssl:no_sha=False\nopenssl:no_sm2=False\nopenssl:no_sm3=False\nopenssl:no_sm4=False\nopenssl:no_sock=False\nopenssl:no_srp=False\nopenssl:no_srtp=False\nopenssl:no_sse2=False\nopenssl:no_ssl=False\nopenssl:no_ssl3=False\nopenssl:no_stdio=False\nopenssl:no_tests=False\nopenssl:no_threads=False\nopenssl:no_tls1=False\nopenssl:no_ts=False\nopenssl:no_whirlpool=False\nopenssl:openssldir=None\nopenssl:shared=False\nprotobuf:debug_suffix=True\nprotobuf:fPIC=True\nprotobuf:lite=False\nprotobuf:shared=False\nprotobuf:with_rtti=True\nprotobuf:with_zlib=True\nre2:fPIC=True\nre2:shared=False\nzlib:fPIC=True\nzlib:shared=False",
    "requires": [
     "1",
     "5"
    ],
    "path": "conanfile.txt",
    "context": "host"
   },
   "1": {
    "ref": "grpc/1.38.1",
    "options": "codegen=True\ncpp_plugin=True\ncsharp_ext=False\ncsharp_plugin=True\nfPIC=True\nnode_plugin=True\nobjective_c_plugin=True\nphp_plugin=True\npython_plugin=True\nruby_plugin=True\nsecure=False\nshared=False\nabseil:fPIC=True\nabseil:shared=False\nc-ares:fPIC=True\nc-ares:shared=False\nc-ares:tools=True\nopenssl:386=False\nopenssl:enable_weak_ssl_ciphers=False\nopenssl:fPIC=True\nopenssl:no_aria=False\nopenssl:no_asm=False\nopenssl:no_async=False\nopenssl:no_bf=False\nopenssl:no_blake2=False\nopenssl:no_camellia=False\nopenssl:no_cast=False\nopenssl:no_chacha=False\nopenssl:no_cms=False\nopenssl:no_comp=False\nopenssl:no_ct=False\nopenssl:no_deprecated=False\nopenssl:no_des=False\nopenssl:no_dgram=False\nopenssl:no_dh=False\nopenssl:no_dsa=False\nopenssl:no_dso=False\nopenssl:no_ec=False\nopenssl:no_ecdh=False\nopenssl:no_ecdsa=False\nopenssl:no_engine=False\nopenssl:no_filenames=False\nopenssl:no_gost=False\nopenssl:no_hmac=False\nopenssl:no_idea=False\nopenssl:no_md4=False\nopenssl:no_md5=False\nopenssl:no_mdc2=False\nopenssl:no_ocsp=False\nopenssl:no_pinshared=False\nopenssl:no_rc2=False\nopenssl:no_rfc3779=False\nopenssl:no_rmd160=False\nopenssl:no_rsa=False\nopenssl:no_seed=False\nopenssl:no_sha=False\nopenssl:no_sm2=False\nopenssl:no_sm3=False\nopenssl:no_sm4=False\nopenssl:no_sock=False\nopenssl:no_srp=False\nopenssl:no_srtp=False\nopenssl:no_sse2=False\nopenssl:no_ssl=False\nopenssl:no_ssl3=False\nopenssl:no_stdio=False\nopenssl:no_tests=False\nopenssl:no_threads=False\nopenssl:no_tls1=False\nopenssl:no_ts=False\nopenssl:no_whirlpool=False\nopenssl:openssldir=None\nopenssl:shared=False\nprotobuf:debug_suffix=True\nprotobuf:fPIC=True\nprotobuf:lite=False\nprotobuf:shared=False\nprotobuf:with_rtti=True\nprotobuf:with_zlib=True\nre2:fPIC=True\nre2:shared=False\nzlib:fPIC=True\nzlib:shared=False",
    "package_id": "44ecaec4536223f790dd5e0a72b2d16b1dfaa76c",
    "prev": "0",
    "requires": [
     "2",
     "3",
     "4",
     "5",
     "7",
     "6"
    ],
    "context": "host"
   },
   "2": {
    "ref": "abseil/20211102.0",
    "options": "fPIC=True\nshared=False",
    "package_id": "b173bbda18164d49a449ffadc1c9e817f49e819d",
    "prev": "0",
    "context": "host"
   },
   "3": {
    "ref": "c-ares/1.18.1",
    "options": "fPIC=True\nshared=False\ntools=True",
    "package_id": "29b1a7b6d5a3c9f005e799c80fcc6320c89f9745",
    "prev": "0",
    "context": "host"
   },
   "4": {
    "ref": "openssl/1.1.1n",
    "options": "386=False\nenable_weak_ssl_ciphers=False\nfPIC=True\nno_aria=False\nno_asm=False\nno_async=False\nno_bf=False\nno_blake2=False\nno_camellia=False\nno_cast=False\nno_chacha=False\nno_cms=False\nno_comp=False\nno_ct=False\nno_deprecated=False\nno_des=False\nno_dgram=False\nno_dh=False\nno_dsa=False\nno_dso=False\nno_ec=False\nno_ecdh=False\nno_ecdsa=False\nno_engine=False\nno_filenames=False\nno_gost=False\nno_hmac=False\nno_idea=False\nno_md4=False\nno_md5=False\nno_mdc2=False\nno_ocsp=False\nno_pinshared=False\nno_rc2=False\nno_rfc3779=False\nno_rmd160=False\nno_rsa=False\nno_seed=False\nno_sha=False\nno_sm2=False\nno_sm3=False\nno_sm4=False\nno_sock=False\nno_srp=False\nno_srtp=False\nno_sse2=False\nno_ssl=False\nno_ssl3=False\nno_stdio=False\nno_tests=False\nno_threads=False\nno_tls1=False\nno_ts=False\nno_whirlpool=False\nopenssldir=None\nshared=False",
    "package_id": "19729b9559f3ae196cad45cb2b97468ccb75dcd1",
    "prev": "0",
    "context": "host"
   },
   "5": {
    "ref": "protobuf/3.17.1",
    "options": "debug_suffix=True\nfPIC=True\nlite=False\nshared=False\nwith_rtti=True\nwith_zlib=True\nzlib:fPIC=True\nzlib:shared=False",
    "package_id": "53f76f058631e1c3a500008c75af3f37d7786131",
    "prev": "0",
    "requires": [
     "6"
    ],
    "context": "host"
   },
   "6": {
    "ref": "zlib/1.2.12",
    "options": "fPIC=True\nshared=False",
    "package_id": "19729b9559f3ae196cad45cb2b97468ccb75dcd1",
    "prev": "0",
    "context": "host"
   },
   "7": {
    "ref": "re2/20220201",
    "options": "fPIC=True\nshared=False",
    "package_id": "b173bbda18164d49a449ffadc1c9e817f49e819d",
    "prev": "0",
    "context": "host"
   }
  },
  "revisions_enabled": false
 },
 "version": "0.4",
 "profile_host": "[settings]\narch=x86_64\narch_build=x86_64\nbuild_type=Release\ncompiler=gcc\ncompiler.libcxx=libstdc++11\ncompiler.version=10\nos=Linux\nos_build=Linux\n[options]\n[build_requires]\n[env]\n"
}